name: neuraluserbaselines
channels:
  - defaults
dependencies:
  - _libgcc_mutex=0.1
  - _openmp_mutex=4.5
  - ca-certificates=2021.5.25
  - certifi=2021.5.30
  - click=8.0.1
  - importlib-metadata=3.10.0
  - ld_impl_linux-64=2.35.1
  - libffi=3.3
  - libgcc-ng=9.3.0
  - libgomp=9.3.0
  - libstdcxx-ng=9.3.0
  - ncurses=6.2
  - openssl=1.1.1k
  - pip=21.1.2
  - python=3.7.10
  - readline=8.1
  - setuptools=52.0.0
  - sqlite=3.36.0
  - tk=8.6.10
  - typing_extensions=3.7.4.3
  - wheel=0.36.2
  - xz=5.2.5
  - zipp=3.4.1
  - zlib=1.2.11
  - pip:
    - absl-py==0.13.0
    - alabaster==0.7.12
    - allennlp==0.9.0
    - antlr4-python3-runtime==4.8
    - attrs==21.2.0
    - babel==2.9.1
    - blis==0.2.4
    - boto3==1.17.102
    - botocore==1.20.102
    - cached-property==1.5.2
    - cachetools==4.2.2
    - chardet==4.0.0
    - checksumdir==1.2.0
    - conllu==1.3.1
    - cycler==0.10.0
    - cymem==2.0.5
    - cython==0.29.23
    - dataclasses==0.6
    - deepspeech==0.9.3
    - docutils==0.17.1
    - editdistance==0.5.3
    - embeddings==0.0.8
    - en-core-web-sm==2.1.0
    - flaky==3.7.0
    - flask==2.0.1
    - flask-cors==3.0.10
    - ftfy==6.0.3
    - future==0.18.2
    - fuzzywuzzy==0.18.0
    - gevent==21.1.2
    - google-auth==1.32.0
    - google-auth-oauthlib==0.4.4
    - greenlet==1.1.0
    - grpcio==1.38.1
    - gtts==2.2.3
    - h5py==3.3.0
    - idna==2.10
    - imagesize==1.2.0
    - iniconfig==1.1.1
    - itsdangerous==2.0.1
    - jieba==0.42.1
    - jinja2==3.0.1
    - jmespath==0.10.0
    - joblib==1.0.1
    - json-lines==0.5.0
    - jsonnet==0.17.0
    - jsonpatch==1.32
    - jsonpickle==2.0.0
    - jsonpointer==2.1
    - kiwisolver==1.3.1
    - markdown==3.3.4
    - markupsafe==2.0.1
    - matplotlib==3.4.2
    - murmurhash==1.0.5
    - nltk==3.6.2
    - numpy==1.19.5
    - numpydoc==1.1.0
    - oauthlib==3.1.1
    - omegaconf==2.1.0
    - overrides==4.1.2
    - packaging==20.9
    - parsimonious==0.8.1
    - pillow==8.2.0
    - plac==0.9.6
    - pluggy==0.13.1
    - preshed==2.0.1
    - protobuf==3.17.3
    - py==1.10.0
    - pyasn1==0.4.8
    - pyasn1-modules==0.2.8
    - pydub==0.25.1
    - pygments==2.9.0
    - pyparsing==2.4.7
    - pytest==6.2.4
    - python-dateutil==2.8.1
    - python-levenshtein==0.12.2
    - pytorch-pretrained-bert==0.6.2
    - pytorch-transformers==1.1.0
    - pytz==2021.1
    - pyyaml==5.4.1
    - pyzmq==22.1.0
    - quadprog==0.1.8
    - regex==2021.4.4
    - requests==2.25.1
    - requests-oauthlib==1.3.0
    - responses==0.13.3
    - rsa==4.7.2
    - s3transfer==0.4.2
    - sacremoses==0.0.45
    - scikit-learn==0.20.3
    - scipy==1.7.0
    - sentencepiece==0.1.96
    - simplejson==3.17.2
    - six==1.16.0
    - snowballstemmer==2.1.0
    - spacy==2.1.9
    - sphinx==4.0.2
    - sphinxcontrib-applehelp==1.0.2
    - sphinxcontrib-devhelp==1.0.2
    - sphinxcontrib-htmlhelp==2.0.0
    - sphinxcontrib-jsmath==1.0.1
    - sphinxcontrib-qthelp==1.0.3
    - sphinxcontrib-serializinghtml==1.1.5
    - sqlparse==0.4.1
    - srsly==1.0.5
    - tensorboard==2.5.0
    - tensorboard-data-server==0.6.1
    - tensorboard-plugin-wit==1.8.0
    - tensorboardx==1.7
    - thinc==7.0.8
    - tokenizers==0.10.3
    - toml==0.10.2
    - torch==1.7.1+cu110
    - torchaudio==0.7.2
    - torchfile==0.1.0
    - torchvision==0.8.2+cu110
    - tornado==6.1
    - tqdm==4.61.1
    - transformers==2.3.0
    - typing-utils==0.1.0
    - unidecode==1.2.0
    - urllib3==1.26.6
    - visdom==0.1.8.9
    - wasabi==0.8.2
    - wcwidth==0.2.5
    - websocket-client==1.1.0
    - werkzeug==2.0.1
    - word2number==1.1
    - zope-event==4.5.0
    - zope-interface==5.4.0
prefix: /home/mifs/ac2123/anaconda3/envs/neuraluserbaselines
